// !$*UTF8*$!
{
	archiveVersion = 1;
	classes = {
	};
	objectVersion = 46;
	objects = {

/* Begin PBXBuildFile section */
		85DA42671AF5459500CE8D2F /* AppDelegate.swift in Sources */ = {isa = PBXBuildFile; fileRef = 85DA42661AF5459500CE8D2F /* AppDelegate.swift */; };
		85DA42691AF5459500CE8D2F /* ViewController.swift in Sources */ = {isa = PBXBuildFile; fileRef = 85DA42681AF5459500CE8D2F /* ViewController.swift */; };
		85DA426C1AF5459500CE8D2F /* Main.storyboard in Resources */ = {isa = PBXBuildFile; fileRef = 85DA426A1AF5459500CE8D2F /* Main.storyboard */; };
		85DA426E1AF5459500CE8D2F /* Images.xcassets in Resources */ = {isa = PBXBuildFile; fileRef = 85DA426D1AF5459500CE8D2F /* Images.xcassets */; };
		85DA42711AF5459500CE8D2F /* LaunchScreen.xib in Resources */ = {isa = PBXBuildFile; fileRef = 85DA426F1AF5459500CE8D2F /* LaunchScreen.xib */; };
		85DA427D1AF5459500CE8D2F /* LemonadeStandTests.swift in Sources */ = {isa = PBXBuildFile; fileRef = 85DA427C1AF5459500CE8D2F /* LemonadeStandTests.swift */; };
/* End PBXBuildFile section */

/* Begin PBXContainerItemProxy section */
		85DA42771AF5459500CE8D2F /* PBXContainerItemProxy */ = {
			isa = PBXContainerItemProxy;
			containerPortal = 85DA42591AF5459500CE8D2F /* Project object */;
			proxyType = 1;
			remoteGlobalIDString = 85DA42601AF5459500CE8D2F;
			remoteInfo = LemonadeStand;
		};
/* End PBXContainerItemProxy section */

/* Begin PBXFileReference section */
		85DA42611AF5459500CE8D2F /* LemonadeStand.app */ = {isa = PBXFileReference; explicitFileType = wrapper.application; includeInIndex = 0; path = LemonadeStand.app; sourceTree = BUILT_PRODUCTS_DIR; };
		85DA42651AF5459500CE8D2F /* Info.plist */ = {isa = PBXFileReference; lastKnownFileType = text.plist.xml; path = Info.plist; sourceTree = "<group>"; };
		85DA42661AF5459500CE8D2F /* AppDelegate.swift */ = {isa = PBXFileReference; lastKnownFileType = sourcecode.swift; path = AppDelegate.swift; sourceTree = "<group>"; };
		85DA42681AF5459500CE8D2F /* ViewController.swift */ = {isa = PBXFileReference; lastKnownFileType = sourcecode.swift; path = ViewController.swift; sourceTree = "<group>"; };
		85DA426B1AF5459500CE8D2F /* Base */ = {isa = PBXFileReference; lastKnownFileType = file.storyboard; name = Base; path = Base.lproj/Main.storyboard; sourceTree = "<group>"; };
		85DA426D1AF5459500CE8D2F /* Images.xcassets */ = {isa = PBXFileReference; lastKnownFileType = folder.assetcatalog; path = Images.xcassets; sourceTree = "<group>"; };
		85DA42701AF5459500CE8D2F /* Base */ = {isa = PBXFileReference; lastKnownFileType = file.xib; name = Base; path = Base.lproj/LaunchScreen.xib; sourceTree = "<group>"; };
		85DA42761AF5459500CE8D2F /* LemonadeStandTests.xctest */ = {isa = PBXFileReference; explicitFileType = wrapper.cfbundle; includeInIndex = 0; path = LemonadeStandTests.xctest; sourceTree = BUILT_PRODUCTS_DIR; };
		85DA427B1AF5459500CE8D2F /* Info.plist */ = {isa = PBXFileReference; lastKnownFileType = text.plist.xml; path = Info.plist; sourceTree = "<group>"; };
		85DA427C1AF5459500CE8D2F /* LemonadeStandTests.swift */ = {isa = PBXFileReference; lastKnownFileType = sourcecode.swift; path = LemonadeStandTests.swift; sourceTree = "<group>"; };
/* End PBXFileReference section */

/* Begin PBXFrameworksBuildPhase section */
		85DA425E1AF5459500CE8D2F /* Frameworks */ = {
			isa = PBXFrameworksBuildPhase;
			buildActionMask = 2147483647;
			files = (
			);
			runOnlyForDeploymentPostprocessing = 0;
		};
		85DA42731AF5459500CE8D2F /* Frameworks */ = {
			isa = PBXFrameworksBuildPhase;
			buildActionMask = 2147483647;
			files = (
			);
			runOnlyForDeploymentPostprocessing = 0;
		};
/* End PBXFrameworksBuildPhase section */

/* Begin PBXGroup section */
		85DA42581AF5459500CE8D2F = {
			isa = PBXGroup;
			children = (
				85DA42631AF5459500CE8D2F /* LemonadeStand */,
				85DA42791AF5459500CE8D2F /* LemonadeStandTests */,
				85DA42621AF5459500CE8D2F /* Products */,
			);
			sourceTree = "<group>";
		};
		85DA42621AF5459500CE8D2F /* Products */ = {
			isa = PBXGroup;
			children = (
				85DA42611AF5459500CE8D2F /* LemonadeStand.app */,
				85DA42761AF5459500CE8D2F /* LemonadeStandTests.xctest */,
			);
			name = Products;
			sourceTree = "<group>";
		};
		85DA42631AF5459500CE8D2F /* LemonadeStand */ = {
			isa = PBXGroup;
			children = (
				85DA42661AF5459500CE8D2F /* AppDelegate.swift */,
				85DA42681AF5459500CE8D2F /* ViewController.swift */,
				85DA426A1AF5459500CE8D2F /* Main.storyboard */,
				85DA426D1AF5459500CE8D2F /* Images.xcassets */,
				85DA426F1AF5459500CE8D2F /* LaunchScreen.xib */,
				85DA42641AF5459500CE8D2F /* Supporting Files */,
			);
			path = LemonadeStand;
			sourceTree = "<group>";
		};
		85DA42641AF5459500CE8D2F /* Supporting Files */ = {
			isa = PBXGroup;
			children = (
				85DA42651AF5459500CE8D2F /* Info.plist */,
			);
			name = "Supporting Files";
			sourceTree = "<group>";
		};
		85DA42791AF5459500CE8D2F /* LemonadeStandTests */ = {
			isa = PBXGroup;
			children = (
				85DA427C1AF5459500CE8D2F /* LemonadeStandTests.swift */,
				85DA427A1AF5459500CE8D2F /* Supporting Files */,
			);
			path = LemonadeStandTests;
			sourceTree = "<group>";
		};
		85DA427A1AF5459500CE8D2F /* Supporting Files */ = {
			isa = PBXGroup;
			children = (
				85DA427B1AF5459500CE8D2F /* Info.plist */,
			);
			name = "Supporting Files";
			sourceTree = "<group>";
		};
/* End PBXGroup section */

/* Begin PBXNativeTarget section */
		85DA42601AF5459500CE8D2F /* LemonadeStand */ = {
			isa = PBXNativeTarget;
			buildConfigurationList = 85DA42801AF5459500CE8D2F /* Build configuration list for PBXNativeTarget "LemonadeStand" */;
			buildPhases = (
				85DA425D1AF5459500CE8D2F /* Sources */,
				85DA425E1AF5459500CE8D2F /* Frameworks */,
				85DA425F1AF5459500CE8D2F /* Resources */,
			);
			buildRules = (
			);
			dependencies = (
			);
			name = LemonadeStand;
			productName = LemonadeStand;
			productReference = 85DA42611AF5459500CE8D2F /* LemonadeStand.app */;
			productType = "com.apple.product-type.application";
		};
		85DA42751AF5459500CE8D2F /* LemonadeStandTests */ = {
			isa = PBXNativeTarget;
			buildConfigurationList = 85DA42831AF5459500CE8D2F /* Build configuration list for PBXNativeTarget "LemonadeStandTests" */;
			buildPhases = (
				85DA42721AF5459500CE8D2F /* Sources */,
				85DA42731AF5459500CE8D2F /* Frameworks */,
				85DA42741AF5459500CE8D2F /* Resources */,
			);
			buildRules = (
			);
			dependencies = (
				85DA42781AF5459500CE8D2F /* PBXTargetDependency */,
			);
			name = LemonadeStandTests;
			productName = LemonadeStandTests;
			productReference = 85DA42761AF5459500CE8D2F /* LemonadeStandTests.xctest */;
			productType = "com.apple.product-type.bundle.unit-test";
		};
/* End PBXNativeTarget section */

/* Begin PBXProject section */
		85DA42591AF5459500CE8D2F /* Project object */ = {
			isa = PBXProject;
			attributes = {
				LastUpgradeCheck = 0630;
				ORGANIZATIONNAME = chicovg;
				TargetAttributes = {
					85DA42601AF5459500CE8D2F = {
						CreatedOnToolsVersion = 6.3.1;
					};
					85DA42751AF5459500CE8D2F = {
						CreatedOnToolsVersion = 6.3.1;
						TestTargetID = 85DA42601AF5459500CE8D2F;
					};
				};
			};
			buildConfigurationList = 85DA425C1AF5459500CE8D2F /* Build configuration list for PBXProject "LemonadeStand" */;
			compatibilityVersion = "Xcode 3.2";
			developmentRegion = English;
			hasScannedForEncodings = 0;
			knownRegions = (
				en,
				Base,
			);
			mainGroup = 85DA42581AF5459500CE8D2F;
			productRefGroup = 85DA42621AF5459500CE8D2F /* Products */;
			projectDirPath = "";
			projectRoot = "";
			targets = (
				85DA42601AF5459500CE8D2F /* LemonadeStand */,
				85DA42751AF5459500CE8D2F /* LemonadeStandTests */,
			);
		};
/* End PBXProject section */

/* Begin PBXResourcesBuildPhase section */
		85DA425F1AF5459500CE8D2F /* Resources */ = {
			isa = PBXResourcesBuildPhase;
			buildActionMask = 2147483647;
			files = (
				85DA426C1AF5459500CE8D2F /* Main.storyboard in Resources */,
				85DA42711AF5459500CE8D2F /* LaunchScreen.xib in Resources */,
				85DA426E1AF5459500CE8D2F /* Images.xcassets in Resources */,
			);
			runOnlyForDeploymentPostprocessing = 0;
		};
		85DA42741AF5459500CE8D2F /* Resources */ = {
			isa = PBXResourcesBuildPhase;
			buildActionMask = 2147483647;
			files = (
			);
			runOnlyForDeploymentPostprocessing = 0;
		};
/* End PBXResourcesBuildPhase section */

/* Begin PBXSourcesBuildPhase section */
		85DA425D1AF5459500CE8D2F /* Sources */ = {
			isa = PBXSourcesBuildPhase;
			buildActionMask = 2147483647;
			files = (
				85DA42691AF5459500CE8D2F /* ViewController.swift in Sources */,
				85DA42671AF5459500CE8D2F /* AppDelegate.swift in Sources */,
			);
			runOnlyForDeploymentPostprocessing = 0;
		};
		85DA42721AF5459500CE8D2F /* Sources */ = {
			isa = PBXSourcesBuildPhase;
			buildActionMask = 2147483647;
			files = (
				85DA427D1AF5459500CE8D2F /* LemonadeStandTests.swift in Sources */,
			);
			runOnlyForDeploymentPostprocessing = 0;
		};
/* End PBXSourcesBuildPhase section */

/* Begin PBXTargetDependency section */
		85DA42781AF5459500CE8D2F /* PBXTargetDependency */ = {
			isa = PBXTargetDependency;
			target = 85DA42601AF5459500CE8D2F /* LemonadeStand */;
			targetProxy = 85DA42771AF5459500CE8D2F /* PBXContainerItemProxy */;
		};
/* End PBXTargetDependency section */

/* Begin PBXVariantGroup section */
		85DA426A1AF5459500CE8D2F /* Main.storyboard */ = {
			isa = PBXVariantGroup;
			children = (
				85DA426B1AF5459500CE8D2F /* Base */,
			);
			name = Main.storyboard;
			sourceTree = "<group>";
		};
		85DA426F1AF5459500CE8D2F /* LaunchScreen.xib */ = {
			isa = PBXVariantGroup;
			children = (
				85DA42701AF5459500CE8D2F /* Base */,
			);
			name = LaunchScreen.xib;
			sourceTree = "<group>";
		};
/* End PBXVariantGroup section */

/* Begin XCBuildConfiguration section */
		85DA427E1AF5459500CE8D2F /* Debug */ = {
			isa = XCBuildConfiguration;
			buildSettings = {
				ALWAYS_SEARCH_USER_PATHS = NO;
				CLANG_CXX_LANGUAGE_STANDARD = "gnu++0x";
				CLANG_CXX_LIBRARY = "libc++";
				CLANG_ENABLE_MODULES = YES;
				CLANG_ENABLE_OBJC_ARC = YES;
				CLANG_WARN_BOOL_CONVERSION = YES;
				CLANG_WARN_CONSTANT_CONVERSION = YES;
				CLANG_WARN_DIRECT_OBJC_ISA_USAGE = YES_ERROR;
				CLANG_WARN_EMPTY_BODY = YES;
				CLANG_WARN_ENUM_CONVERSION = YES;
				CLANG_WARN_INT_CONVERSION = YES;
				CLANG_WARN_OBJC_ROOT_CLASS = YES_ERROR;
				CLANG_WARN_UNREACHABLE_CODE = YES;
				CLANG_WARN__DUPLICATE_METHOD_MATCH = YES;
				"CODE_SIGN_IDENTITY[sdk=iphoneos*]" = "iPhone Developer";
				COPY_PHASE_STRIP = NO;
				DEBUG_INFORMATION_FORMAT = "dwarf-with-dsym";
				ENABLE_STRICT_OBJC_MSGSEND = YES;
				GCC_C_LANGUAGE_STANDARD = gnu99;
				GCC_DYNAMIC_NO_PIC = NO;
				GCC_NO_COMMON_BLOCKS = YES;
				GCC_OPTIMIZATION_LEVEL = 0;
				GCC_PREPROCESSOR_DEFINITIONS = (
					"DEBUG=1",
					"$(inherited)",
				);
				GCC_SYMBOLS_PRIVATE_EXTERN = NO;
				GCC_WARN_64_TO_32_BIT_CONVERSION = YES;
				GCC_WARN_ABOUT_RETURN_TYPE = YES_ERROR;
				GCC_WARN_UNDECLARED_SELECTOR = YES;
				GCC_WARN_UNINITIALIZED_AUTOS = YES_AGGRESSIVE;
				GCC_WARN_UNUSED_FUNCTION = YES;
				GCC_WARN_UNUSED_VARIABLE = YES;
				IPHONEOS_DEPLOYMENT_TARGET = 8.3;
				MTL_ENABLE_DEBUG_INFO = YES;
				ONLY_ACTIVE_ARCH = YES;
				SDKROOT = iphoneos;
				SWIFT_OPTIMIZATION_LEVEL = "-Onone";
				TARGETED_DEVICE_FAMILY = "1,2";
			};
			name = Debug;
		};
		85DA427F1AF5459500CE8D2F /* Release */ = {
			isa = XCBuildConfiguration;
			buildSettings = {
				ALWAYS_SEARCH_USER_PATHS = NO;
				CLANG_CXX_LANGUAGE_STANDARD = "gnu++0x";
				CLANG_CXX_LIBRARY = "libc++";
				CLANG_ENABLE_MODULES = YES;
				CLANG_ENABLE_OBJC_ARC = YES;
				CLANG_WARN_BOOL_CONVERSION = YES;
				CLANG_WARN_CONSTANT_CONVERSION = YES;
				CLANG_WARN_DIRECT_OBJC_ISA_USAGE = YES_ERROR;
				CLANG_WARN_EMPTY_BODY = YES;
				CLANG_WARN_ENUM_CONVERSION = YES;
				CLANG_WARN_INT_CONVERSION = YES;
				CLANG_WARN_OBJC_ROOT_CLASS = YES_ERROR;
				CLANG_WARN_UNREACHABLE_CODE = YES;
				CLANG_WARN__DUPLICATE_METHOD_MATCH = YES;
				"CODE_SIGN_IDENTITY[sdk=iphoneos*]" = "iPhone Developer";
				COPY_PHASE_STRIP = NO;
				DEBUG_INFORMATION_FORMAT = "dwarf-with-dsym";
				ENABLE_NS_ASSERTIONS = NO;
				ENABLE_STRICT_OBJC_MSGSEND = YES;
				GCC_C_LANGUAGE_STANDARD = gnu99;
				GCC_NO_COMMON_BLOCKS = YES;
				GCC_WARN_64_TO_32_BIT_CONVERSION = YES;
				GCC_WARN_ABOUT_RETURN_TYPE = YES_ERROR;
				GCC_WARN_UNDECLARED_SELECTOR = YES;
				GCC_WARN_UNINITIALIZED_AUTOS = YES_AGGRESSIVE;
				GCC_WARN_UNUSED_FUNCTION = YES;
				GCC_WARN_UNUSED_VARIABLE = YES;
				IPHONEOS_DEPLOYMENT_TARGET = 8.3;
				MTL_ENABLE_DEBUG_INFO = NO;
				SDKROOT = iphoneos;
				TARGETED_DEVICE_FAMILY = "1,2";
				VALIDATE_PRODUCT = YES;
			};
			name = Release;
		};
		85DA42811AF5459500CE8D2F /* Debug */ = {
			isa = XCBuildConfiguration;
			buildSettings = {
				ASSETCATALOG_COMPILER_APPICON_NAME = AppIcon;
				INFOPLIST_FILE = LemonadeStand/Info.plist;
				LD_RUNPATH_SEARCH_PATHS = "$(inherited) @executable_path/Frameworks";
				PRODUCT_NAME = "$(TARGET_NAME)";
			};
			name = Debug;
		};
		85DA42821AF5459500CE8D2F /* Release */ = {
			isa = XCBuildConfiguration;
			buildSettings = {
				ASSETCATALOG_COMPILER_APPICON_NAME = AppIcon;
				INFOPLIST_FILE = LemonadeStand/Info.plist;
				LD_RUNPATH_SEARCH_PATHS = "$(inherited) @executable_path/Frameworks";
				PRODUCT_NAME = "$(TARGET_NAME)";
			};
			name = Release;
		};
		85DA42841AF5459500CE8D2F /* Debug */ = {
			isa = XCBuildConfiguration;
			buildSettings = {
				BUNDLE_LOADER = "$(TEST_HOST)";
				FRAMEWORK_SEARCH_PATHS = (
					"$(SDKROOT)/Developer/Library/Frameworks",
					"$(inherited)",
				);
				GCC_PREPROCESSOR_DEFINITIONS = (
					"DEBUG=1",
					"$(inherited)",
				);
				INFOPLIST_FILE = LemonadeStandTests/Info.plist;
				LD_RUNPATH_SEARCH_PATHS = "$(inherited) @executable_path/Frameworks @loader_path/Frameworks";
				PRODUCT_NAME = "$(TARGET_NAME)";
				TEST_HOST = "$(BUILT_PRODUCTS_DIR)/LemonadeStand.app/LemonadeStand";
			};
			name = Debug;
		};
		85DA42851AF5459500CE8D2F /* Release */ = {
			isa = XCBuildConfiguration;
			buildSettings = {
				BUNDLE_LOADER = "$(TEST_HOST)";
				FRAMEWORK_SEARCH_PATHS = (
					"$(SDKROOT)/Developer/Library/Frameworks",
					"$(inherited)",
				);
				INFOPLIST_FILE = LemonadeStandTests/Info.plist;
				LD_RUNPATH_SEARCH_PATHS = "$(inherited) @executable_path/Frameworks @loader_path/Frameworks";
				PRODUCT_NAME = "$(TARGET_NAME)";
				TEST_HOST = "$(BUILT_PRODUCTS_DIR)/LemonadeStand.app/LemonadeStand";
			};
			name = Release;
		};
/* End XCBuildConfiguration section */

/* Begin XCConfigurationList section */
		85DA425C1AF5459500CE8D2F /* Build configuration list for PBXProject "LemonadeStand" */ = {
			isa = XCConfigurationList;
			buildConfigurations = (
				85DA427E1AF5459500CE8D2F /* Debug */,
				85DA427F1AF5459500CE8D2F /* Release */,
			);
			defaultConfigurationIsVisible = 0;
			defaultConfigurationName = Release;
		};
		85DA42801AF5459500CE8D2F /* Build configuration list for PBXNativeTarget "LemonadeStand" */ = {
			isa = XCConfigurationList;
			buildConfigurations = (
				85DA42811AF5459500CE8D2F /* Debug */,
				85DA42821AF5459500CE8D2F /* Release */,
			);
			defaultConfigurationIsVisible = 0;
		};
		85DA42831AF5459500CE8D2F /* Build configuration list for PBXNativeTarget "LemonadeStandTests" */ = {
			isa = XCConfigurationList;
			buildConfigurations = (
				85DA42841AF5459500CE8D2F /* Debug */,
				85DA42851AF5459500CE8D2F /* Release */,
			);
			defaultConfigurationIsVisible = 0;
		};
/* End XCConfigurationList section */
	};
	rootObject = 85DA42591AF5459500CE8D2F /* Project object */;
}
